// !$*UTF8*$!
{
	archiveVersion = 1;
	classes = {
	};
	objectVersion = 56;
	objects = {

/* Begin PBXBuildFile section */
		1636D8182988B7C400F63F80 /* s23_academy_playgroundApp.swift in Sources */ = {isa = PBXBuildFile; fileRef = 1636D8172988B7C400F63F80 /* s23_academy_playgroundApp.swift */; };
		1636D81A2988B7C400F63F80 /* ContentView.swift in Sources */ = {isa = PBXBuildFile; fileRef = 1636D8192988B7C400F63F80 /* ContentView.swift */; };
		1636D81C2988B7C600F63F80 /* Assets.xcassets in Resources */ = {isa = PBXBuildFile; fileRef = 1636D81B2988B7C600F63F80 /* Assets.xcassets */; };
		1636D81F2988B7C600F63F80 /* Preview Assets.xcassets in Resources */ = {isa = PBXBuildFile; fileRef = 1636D81E2988B7C600F63F80 /* Preview Assets.xcassets */; };
		1664B53E2989E3D100594873 /* Example.swift in Sources */ = {isa = PBXBuildFile; fileRef = 1664B53D2989E3D100594873 /* Example.swift */; };
		167D42F129A59378008FC45D /* Meeting4View.swift in Sources */ = {isa = PBXBuildFile; fileRef = 167D42F029A59378008FC45D /* Meeting4View.swift */; };
		167D42F329A5A179008FC45D /* Demo4.swift in Sources */ = {isa = PBXBuildFile; fileRef = 167D42F229A5A179008FC45D /* Demo4.swift */; };
		16BDCFBF2993267A00F28E18 /* InstagramView.swift in Sources */ = {isa = PBXBuildFile; fileRef = 16BDCFBE2993267A00F28E18 /* InstagramView.swift */; };
		16F4EA0629AECCEF00B62F32 /* Meeting5View.swift in Sources */ = {isa = PBXBuildFile; fileRef = 16F4EA0529AECCEF00B62F32 /* Meeting5View.swift */; };
		16F4EA0829AED17800B62F32 /* TabExample.swift in Sources */ = {isa = PBXBuildFile; fileRef = 16F4EA0729AED17800B62F32 /* TabExample.swift */; };
		16F4EA0A29AED81B00B62F32 /* ToDoItem.swift in Sources */ = {isa = PBXBuildFile; fileRef = 16F4EA0929AED81B00B62F32 /* ToDoItem.swift */; };
		16F4EA0C29AED8A300B62F32 /* ToDoView.swift in Sources */ = {isa = PBXBuildFile; fileRef = 16F4EA0B29AED8A300B62F32 /* ToDoView.swift */; };
		16F4EA0E29AEDBB700B62F32 /* ToDoListView.swift in Sources */ = {isa = PBXBuildFile; fileRef = 16F4EA0D29AEDBB600B62F32 /* ToDoListView.swift */; };
		16F4F4952991B50F00E31BC5 /* NestedView.swift in Sources */ = {isa = PBXBuildFile; fileRef = 16F4F4942991B50F00E31BC5 /* NestedView.swift */; };
/* End PBXBuildFile section */

/* Begin PBXFileReference section */
		1636D8142988B7C400F63F80 /* s23-academy-playground.app */ = {isa = PBXFileReference; explicitFileType = wrapper.application; includeInIndex = 0; path = "s23-academy-playground.app"; sourceTree = BUILT_PRODUCTS_DIR; };
		1636D8172988B7C400F63F80 /* s23_academy_playgroundApp.swift */ = {isa = PBXFileReference; lastKnownFileType = sourcecode.swift; path = s23_academy_playgroundApp.swift; sourceTree = "<group>"; };
		1636D8192988B7C400F63F80 /* ContentView.swift */ = {isa = PBXFileReference; lastKnownFileType = sourcecode.swift; path = ContentView.swift; sourceTree = "<group>"; };
		1636D81B2988B7C600F63F80 /* Assets.xcassets */ = {isa = PBXFileReference; lastKnownFileType = folder.assetcatalog; path = Assets.xcassets; sourceTree = "<group>"; };
		1636D81E2988B7C600F63F80 /* Preview Assets.xcassets */ = {isa = PBXFileReference; lastKnownFileType = folder.assetcatalog; path = "Preview Assets.xcassets"; sourceTree = "<group>"; };
		1664B53D2989E3D100594873 /* Example.swift */ = {isa = PBXFileReference; lastKnownFileType = sourcecode.swift; path = Example.swift; sourceTree = "<group>"; };
		167D42F029A59378008FC45D /* Meeting4View.swift */ = {isa = PBXFileReference; lastKnownFileType = sourcecode.swift; path = Meeting4View.swift; sourceTree = "<group>"; };
		167D42F229A5A179008FC45D /* Demo4.swift */ = {isa = PBXFileReference; lastKnownFileType = sourcecode.swift; path = Demo4.swift; sourceTree = "<group>"; };
		16BDCFBE2993267A00F28E18 /* InstagramView.swift */ = {isa = PBXFileReference; lastKnownFileType = sourcecode.swift; path = InstagramView.swift; sourceTree = "<group>"; };
		16F4EA0529AECCEF00B62F32 /* Meeting5View.swift */ = {isa = PBXFileReference; lastKnownFileType = sourcecode.swift; path = Meeting5View.swift; sourceTree = "<group>"; };
		16F4EA0729AED17800B62F32 /* TabExample.swift */ = {isa = PBXFileReference; lastKnownFileType = sourcecode.swift; path = TabExample.swift; sourceTree = "<group>"; };
		16F4EA0929AED81B00B62F32 /* ToDoItem.swift */ = {isa = PBXFileReference; lastKnownFileType = sourcecode.swift; path = ToDoItem.swift; sourceTree = "<group>"; };
		16F4EA0B29AED8A300B62F32 /* ToDoView.swift */ = {isa = PBXFileReference; lastKnownFileType = sourcecode.swift; path = ToDoView.swift; sourceTree = "<group>"; };
		16F4EA0D29AEDBB600B62F32 /* ToDoListView.swift */ = {isa = PBXFileReference; lastKnownFileType = sourcecode.swift; path = ToDoListView.swift; sourceTree = "<group>"; };
		16F4F4942991B50F00E31BC5 /* NestedView.swift */ = {isa = PBXFileReference; lastKnownFileType = sourcecode.swift; path = NestedView.swift; sourceTree = "<group>"; };
/* End PBXFileReference section */

/* Begin PBXFrameworksBuildPhase section */
		1636D8112988B7C400F63F80 /* Frameworks */ = {
			isa = PBXFrameworksBuildPhase;
			buildActionMask = 2147483647;
			files = (
			);
			runOnlyForDeploymentPostprocessing = 0;
		};
/* End PBXFrameworksBuildPhase section */

/* Begin PBXGroup section */
		1636D80B2988B7C400F63F80 = {
			isa = PBXGroup;
			children = (
				1636D8162988B7C400F63F80 /* s23-academy-playground */,
				1636D8152988B7C400F63F80 /* Products */,
			);
			sourceTree = "<group>";
		};
		1636D8152988B7C400F63F80 /* Products */ = {
			isa = PBXGroup;
			children = (
				1636D8142988B7C400F63F80 /* s23-academy-playground.app */,
			);
			name = Products;
			sourceTree = "<group>";
		};
		1636D8162988B7C400F63F80 /* s23-academy-playground */ = {
			isa = PBXGroup;
			children = (
				1636D8172988B7C400F63F80 /* s23_academy_playgroundApp.swift */,
				1636D8192988B7C400F63F80 /* ContentView.swift */,
				16F4EA0429AECCDC00B62F32 /* Week 5 */,
				167D42EF29A59301008FC45D /* Week 3 */,
				16F4F4932991B4F800E31BC5 /* Week 2 */,
				1636D8252988B7D400F63F80 /* Week 1 */,
				1636D81B2988B7C600F63F80 /* Assets.xcassets */,
				1636D81D2988B7C600F63F80 /* Preview Content */,
			);
			path = "s23-academy-playground";
			sourceTree = "<group>";
		};
		1636D81D2988B7C600F63F80 /* Preview Content */ = {
			isa = PBXGroup;
			children = (
				1636D81E2988B7C600F63F80 /* Preview Assets.xcassets */,
			);
			path = "Preview Content";
			sourceTree = "<group>";
		};
		1636D8252988B7D400F63F80 /* Week 1 */ = {
			isa = PBXGroup;
			children = (
				1664B53D2989E3D100594873 /* Example.swift */,
			);
			path = "Week 1";
			sourceTree = "<group>";
		};
		167D42EF29A59301008FC45D /* Week 3 */ = {
			isa = PBXGroup;
			children = (
				167D42F029A59378008FC45D /* Meeting4View.swift */,
				167D42F229A5A179008FC45D /* Demo4.swift */,
			);
			path = "Week 3";
			sourceTree = "<group>";
		};
		16F4EA0429AECCDC00B62F32 /* Week 5 */ = {
			isa = PBXGroup;
			children = (
				16F4EA0529AECCEF00B62F32 /* Meeting5View.swift */,
				16F4EA0729AED17800B62F32 /* TabExample.swift */,
				16F4EA0D29AEDBB600B62F32 /* ToDoListView.swift */,
				16F4EA0929AED81B00B62F32 /* ToDoItem.swift */,
				16F4EA0B29AED8A300B62F32 /* ToDoView.swift */,
			);
			path = "Week 5";
			sourceTree = "<group>";
		};
		16F4F4932991B4F800E31BC5 /* Week 2 */ = {
			isa = PBXGroup;
			children = (
				16F4F4942991B50F00E31BC5 /* NestedView.swift */,
				16BDCFBE2993267A00F28E18 /* InstagramView.swift */,
			);
			path = "Week 2";
			sourceTree = "<group>";
		};
/* End PBXGroup section */

/* Begin PBXNativeTarget section */
		1636D8132988B7C400F63F80 /* s23-academy-playground */ = {
			isa = PBXNativeTarget;
			buildConfigurationList = 1636D8222988B7C600F63F80 /* Build configuration list for PBXNativeTarget "s23-academy-playground" */;
			buildPhases = (
				1636D8102988B7C400F63F80 /* Sources */,
				1636D8112988B7C400F63F80 /* Frameworks */,
				1636D8122988B7C400F63F80 /* Resources */,
			);
			buildRules = (
			);
			dependencies = (
			);
			name = "s23-academy-playground";
			productName = "s23-academy-playground";
			productReference = 1636D8142988B7C400F63F80 /* s23-academy-playground.app */;
			productType = "com.apple.product-type.application";
		};
/* End PBXNativeTarget section */

/* Begin PBXProject section */
		1636D80C2988B7C400F63F80 /* Project object */ = {
			isa = PBXProject;
			attributes = {
				BuildIndependentTargetsInParallel = 1;
				LastSwiftUpdateCheck = 1400;
				LastUpgradeCheck = 1400;
				TargetAttributes = {
					1636D8132988B7C400F63F80 = {
						CreatedOnToolsVersion = 14.0;
					};
				};
			};
			buildConfigurationList = 1636D80F2988B7C400F63F80 /* Build configuration list for PBXProject "s23-academy-playground" */;
			compatibilityVersion = "Xcode 14.0";
			developmentRegion = en;
			hasScannedForEncodings = 0;
			knownRegions = (
				en,
				Base,
			);
			mainGroup = 1636D80B2988B7C400F63F80;
			productRefGroup = 1636D8152988B7C400F63F80 /* Products */;
			projectDirPath = "";
			projectRoot = "";
			targets = (
				1636D8132988B7C400F63F80 /* s23-academy-playground */,
			);
		};
/* End PBXProject section */

/* Begin PBXResourcesBuildPhase section */
		1636D8122988B7C400F63F80 /* Resources */ = {
			isa = PBXResourcesBuildPhase;
			buildActionMask = 2147483647;
			files = (
				1636D81F2988B7C600F63F80 /* Preview Assets.xcassets in Resources */,
				1636D81C2988B7C600F63F80 /* Assets.xcassets in Resources */,
			);
			runOnlyForDeploymentPostprocessing = 0;
		};
/* End PBXResourcesBuildPhase section */

/* Begin PBXSourcesBuildPhase section */
		1636D8102988B7C400F63F80 /* Sources */ = {
			isa = PBXSourcesBuildPhase;
			buildActionMask = 2147483647;
			files = (
				16F4EA0C29AED8A300B62F32 /* ToDoView.swift in Sources */,
				167D42F329A5A179008FC45D /* Demo4.swift in Sources */,
				1636D81A2988B7C400F63F80 /* ContentView.swift in Sources */,
				16F4EA0A29AED81B00B62F32 /* ToDoItem.swift in Sources */,
				16BDCFBF2993267A00F28E18 /* InstagramView.swift in Sources */,
				16F4F4952991B50F00E31BC5 /* NestedView.swift in Sources */,
				16F4EA0E29AEDBB700B62F32 /* ToDoListView.swift in Sources */,
				1636D8182988B7C400F63F80 /* s23_academy_playgroundApp.swift in Sources */,
				1664B53E2989E3D100594873 /* Example.swift in Sources */,
				16F4EA0629AECCEF00B62F32 /* Meeting5View.swift in Sources */,
				16F4EA0829AED17800B62F32 /* TabExample.swift in Sources */,
				167D42F129A59378008FC45D /* Meeting4View.swift in Sources */,
			);
			runOnlyForDeploymentPostprocessing = 0;
		};
/* End PBXSourcesBuildPhase section */

/* Begin XCBuildConfiguration section */
		1636D8202988B7C600F63F80 /* Debug */ = {
			isa = XCBuildConfiguration;
			buildSettings = {
				ALWAYS_SEARCH_USER_PATHS = NO;
				CLANG_ANALYZER_NONNULL = YES;
				CLANG_ANALYZER_NUMBER_OBJECT_CONVERSION = YES_AGGRESSIVE;
				CLANG_CXX_LANGUAGE_STANDARD = "gnu++20";
				CLANG_ENABLE_MODULES = YES;
				CLANG_ENABLE_OBJC_ARC = YES;
				CLANG_ENABLE_OBJC_WEAK = YES;
				CLANG_WARN_BLOCK_CAPTURE_AUTORELEASING = YES;
				CLANG_WARN_BOOL_CONVERSION = YES;
				CLANG_WARN_COMMA = YES;
				CLANG_WARN_CONSTANT_CONVERSION = YES;
				CLANG_WARN_DEPRECATED_OBJC_IMPLEMENTATIONS = YES;
				CLANG_WARN_DIRECT_OBJC_ISA_USAGE = YES_ERROR;
				CLANG_WARN_DOCUMENTATION_COMMENTS = YES;
				CLANG_WARN_EMPTY_BODY = YES;
				CLANG_WARN_ENUM_CONVERSION = YES;
				CLANG_WARN_INFINITE_RECURSION = YES;
				CLANG_WARN_INT_CONVERSION = YES;
				CLANG_WARN_NON_LITERAL_NULL_CONVERSION = YES;
				CLANG_WARN_OBJC_IMPLICIT_RETAIN_SELF = YES;
				CLANG_WARN_OBJC_LITERAL_CONVERSION = YES;
				CLANG_WARN_OBJC_ROOT_CLASS = YES_ERROR;
				CLANG_WARN_QUOTED_INCLUDE_IN_FRAMEWORK_HEADER = YES;
				CLANG_WARN_RANGE_LOOP_ANALYSIS = YES;
				CLANG_WARN_STRICT_PROTOTYPES = YES;
				CLANG_WARN_SUSPICIOUS_MOVE = YES;
				CLANG_WARN_UNGUARDED_AVAILABILITY = YES_AGGRESSIVE;
				CLANG_WARN_UNREACHABLE_CODE = YES;
				CLANG_WARN__DUPLICATE_METHOD_MATCH = YES;
				COPY_PHASE_STRIP = NO;
				DEBUG_INFORMATION_FORMAT = dwarf;
				ENABLE_STRICT_OBJC_MSGSEND = YES;
				ENABLE_TESTABILITY = YES;
				GCC_C_LANGUAGE_STANDARD = gnu11;
				GCC_DYNAMIC_NO_PIC = NO;
				GCC_NO_COMMON_BLOCKS = YES;
				GCC_OPTIMIZATION_LEVEL = 0;
				GCC_PREPROCESSOR_DEFINITIONS = (
					"DEBUG=1",
					"$(inherited)",
				);
				GCC_WARN_64_TO_32_BIT_CONVERSION = YES;
				GCC_WARN_ABOUT_RETURN_TYPE = YES_ERROR;
				GCC_WARN_UNDECLARED_SELECTOR = YES;
				GCC_WARN_UNINITIALIZED_AUTOS = YES_AGGRESSIVE;
				GCC_WARN_UNUSED_FUNCTION = YES;
				GCC_WARN_UNUSED_VARIABLE = YES;
				IPHONEOS_DEPLOYMENT_TARGET = 16.0;
				MTL_ENABLE_DEBUG_INFO = INCLUDE_SOURCE;
				MTL_FAST_MATH = YES;
				ONLY_ACTIVE_ARCH = YES;
				SDKROOT = iphoneos;
				SWIFT_ACTIVE_COMPILATION_CONDITIONS = DEBUG;
				SWIFT_OPTIMIZATION_LEVEL = "-Onone";
			};
			name = Debug;
		};
		1636D8212988B7C600F63F80 /* Release */ = {
			isa = XCBuildConfiguration;
			buildSettings = {
				ALWAYS_SEARCH_USER_PATHS = NO;
				CLANG_ANALYZER_NONNULL = YES;
				CLANG_ANALYZER_NUMBER_OBJECT_CONVERSION = YES_AGGRESSIVE;
				CLANG_CXX_LANGUAGE_STANDARD = "gnu++20";
				CLANG_ENABLE_MODULES = YES;
				CLANG_ENABLE_OBJC_ARC = YES;
				CLANG_ENABLE_OBJC_WEAK = YES;
				CLANG_WARN_BLOCK_CAPTURE_AUTORELEASING = YES;
				CLANG_WARN_BOOL_CONVERSION = YES;
				CLANG_WARN_COMMA = YES;
				CLANG_WARN_CONSTANT_CONVERSION = YES;
				CLANG_WARN_DEPRECATED_OBJC_IMPLEMENTATIONS = YES;
				CLANG_WARN_DIRECT_OBJC_ISA_USAGE = YES_ERROR;
				CLANG_WARN_DOCUMENTATION_COMMENTS = YES;
				CLANG_WARN_EMPTY_BODY = YES;
				CLANG_WARN_ENUM_CONVERSION = YES;
				CLANG_WARN_INFINITE_RECURSION = YES;
				CLANG_WARN_INT_CONVERSION = YES;
				CLANG_WARN_NON_LITERAL_NULL_CONVERSION = YES;
				CLANG_WARN_OBJC_IMPLICIT_RETAIN_SELF = YES;
				CLANG_WARN_OBJC_LITERAL_CONVERSION = YES;
				CLANG_WARN_OBJC_ROOT_CLASS = YES_ERROR;
				CLANG_WARN_QUOTED_INCLUDE_IN_FRAMEWORK_HEADER = YES;
				CLANG_WARN_RANGE_LOOP_ANALYSIS = YES;
				CLANG_WARN_STRICT_PROTOTYPES = YES;
				CLANG_WARN_SUSPICIOUS_MOVE = YES;
				CLANG_WARN_UNGUARDED_AVAILABILITY = YES_AGGRESSIVE;
				CLANG_WARN_UNREACHABLE_CODE = YES;
				CLANG_WARN__DUPLICATE_METHOD_MATCH = YES;
				COPY_PHASE_STRIP = NO;
				DEBUG_INFORMATION_FORMAT = "dwarf-with-dsym";
				ENABLE_NS_ASSERTIONS = NO;
				ENABLE_STRICT_OBJC_MSGSEND = YES;
				GCC_C_LANGUAGE_STANDARD = gnu11;
				GCC_NO_COMMON_BLOCKS = YES;
				GCC_WARN_64_TO_32_BIT_CONVERSION = YES;
				GCC_WARN_ABOUT_RETURN_TYPE = YES_ERROR;
				GCC_WARN_UNDECLARED_SELECTOR = YES;
				GCC_WARN_UNINITIALIZED_AUTOS = YES_AGGRESSIVE;
				GCC_WARN_UNUSED_FUNCTION = YES;
				GCC_WARN_UNUSED_VARIABLE = YES;
				IPHONEOS_DEPLOYMENT_TARGET = 16.0;
				MTL_ENABLE_DEBUG_INFO = NO;
				MTL_FAST_MATH = YES;
				SDKROOT = iphoneos;
				SWIFT_COMPILATION_MODE = wholemodule;
				SWIFT_OPTIMIZATION_LEVEL = "-O";
				VALIDATE_PRODUCT = YES;
			};
			name = Release;
		};
		1636D8232988B7C600F63F80 /* Debug */ = {
			isa = XCBuildConfiguration;
			buildSettings = {
				ASSETCATALOG_COMPILER_APPICON_NAME = AppIcon;
				ASSETCATALOG_COMPILER_GLOBAL_ACCENT_COLOR_NAME = AccentColor;
				CODE_SIGN_STYLE = Automatic;
				CURRENT_PROJECT_VERSION = 1;
				DEVELOPMENT_ASSET_PATHS = "\"s23-academy-playground/Preview Content\"";
				DEVELOPMENT_TEAM = M23G284TD2;
				ENABLE_PREVIEWS = YES;
				GENERATE_INFOPLIST_FILE = YES;
				INFOPLIST_KEY_UIApplicationSceneManifest_Generation = YES;
				INFOPLIST_KEY_UIApplicationSupportsIndirectInputEvents = YES;
				INFOPLIST_KEY_UILaunchScreen_Generation = YES;
				INFOPLIST_KEY_UISupportedInterfaceOrientations_iPad = "UIInterfaceOrientationPortrait UIInterfaceOrientationPortraitUpsideDown UIInterfaceOrientationLandscapeLeft UIInterfaceOrientationLandscapeRight";
				INFOPLIST_KEY_UISupportedInterfaceOrientations_iPhone = "UIInterfaceOrientationPortrait UIInterfaceOrientationLandscapeLeft UIInterfaceOrientationLandscapeRight";
				LD_RUNPATH_SEARCH_PATHS = (
					"$(inherited)",
					"@executable_path/Frameworks",
				);
				MARKETING_VERSION = 1.0;
				PRODUCT_BUNDLE_IDENTIFIER = "alecnipp.s23-academy-playground";
				PRODUCT_NAME = "$(TARGET_NAME)";
				SWIFT_EMIT_LOC_STRINGS = YES;
				SWIFT_VERSION = 5.0;
				TARGETED_DEVICE_FAMILY = "1,2";
			};
			name = Debug;
		};
		1636D8242988B7C600F63F80 /* Release */ = {
			isa = XCBuildConfiguration;
			buildSettings = {
				ASSETCATALOG_COMPILER_APPICON_NAME = AppIcon;
				ASSETCATALOG_COMPILER_GLOBAL_ACCENT_COLOR_NAME = AccentColor;
				CODE_SIGN_STYLE = Automatic;
				CURRENT_PROJECT_VERSION = 1;
				DEVELOPMENT_ASSET_PATHS = "\"s23-academy-playground/Preview Content\"";
				DEVELOPMENT_TEAM = M23G284TD2;
				ENABLE_PREVIEWS = YES;
				GENERATE_INFOPLIST_FILE = YES;
				INFOPLIST_KEY_UIApplicationSceneManifest_Generation = YES;
				INFOPLIST_KEY_UIApplicationSupportsIndirectInputEvents = YES;
				INFOPLIST_KEY_UILaunchScreen_Generation = YES;
				INFOPLIST_KEY_UISupportedInterfaceOrientations_iPad = "UIInterfaceOrientationPortrait UIInterfaceOrientationPortraitUpsideDown UIInterfaceOrientationLandscapeLeft UIInterfaceOrientationLandscapeRight";
				INFOPLIST_KEY_UISupportedInterfaceOrientations_iPhone = "UIInterfaceOrientationPortrait UIInterfaceOrientationLandscapeLeft UIInterfaceOrientationLandscapeRight";
				LD_RUNPATH_SEARCH_PATHS = (
					"$(inherited)",
					"@executable_path/Frameworks",
				);
				MARKETING_VERSION = 1.0;
				PRODUCT_BUNDLE_IDENTIFIER = "alecnipp.s23-academy-playground";
				PRODUCT_NAME = "$(TARGET_NAME)";
				SWIFT_EMIT_LOC_STRINGS = YES;
				SWIFT_VERSION = 5.0;
				TARGETED_DEVICE_FAMILY = "1,2";
			};
			name = Release;
		};
/* End XCBuildConfiguration section */

/* Begin XCConfigurationList section */
		1636D80F2988B7C400F63F80 /* Build configuration list for PBXProject "s23-academy-playground" */ = {
			isa = XCConfigurationList;
			buildConfigurations = (
				1636D8202988B7C600F63F80 /* Debug */,
				1636D8212988B7C600F63F80 /* Release */,
			);
			defaultConfigurationIsVisible = 0;
			defaultConfigurationName = Release;
		};
		1636D8222988B7C600F63F80 /* Build configuration list for PBXNativeTarget "s23-academy-playground" */ = {
			isa = XCConfigurationList;
			buildConfigurations = (
				1636D8232988B7C600F63F80 /* Debug */,
				1636D8242988B7C600F63F80 /* Release */,
			);
			defaultConfigurationIsVisible = 0;
			defaultConfigurationName = Release;
		};
/* End XCConfigurationList section */
	};
	rootObject = 1636D80C2988B7C400F63F80 /* Project object */;
}
